
Microsoft Visual Studio Solution File, Format Version 12.00
# Visual Studio Version 17
VisualStudioVersion = 17.8.34219.65
MinimumVisualStudioVersion = 10.0.40219.1
Project("{FAE04EC0-301F-11D3-BF4B-00C04F79EFBC}") = "API", "API\API.csproj", "{F95ECFB7-EE99-4359-A809-0CADD4075E26}"
EndProject
Global
	GlobalSection(SolutionConfigurationPlatforms) = preSolution
		Debug|Any CPU = Debug|Any CPU
		Release|Any CPU = Release|Any CPU
	EndGlobalSection
	GlobalSection(ProjectConfigurationPlatforms) = postSolution
		{F95ECFB7-EE99-4359-A809-0CADD4075E26}.Debug|Any CPU.ActiveCfg = Debug|Any CPU
		{F95ECFB7-EE99-4359-A809-0CADD4075E26}.Debug|Any CPU.Build.0 = Debug|Any CPU
		{F95ECFB7-EE99-4359-A809-0CADD4075E26}.Release|Any CPU.ActiveCfg = Release|Any CPU
		{F95ECFB7-EE99-4359-A809-0CADD4075E26}.Release|Any CPU.Build.0 = Release|Any CPU
	EndGlobalSection
	GlobalSection(SolutionProperties) = preSolution
		HideSolutionNode = FALSE
	EndGlobalSection
	GlobalSection(ExtensibilityGlobals) = postSolution
		SolutionGuid = {FCE6C763-68FF-4573-9759-6B1FC211A4AB}
	EndGlobalSection
EndGlobal
