
Microsoft Visual Studio Solution File, Format Version 12.00
# Visual Studio Version 17
VisualStudioVersion = 17.8.34219.65
MinimumVisualStudioVersion = 10.0.40219.1
Project("{FAE04EC0-301F-11D3-BF4B-00C04F79EFBC}") = "WebApplication1", "WebApplication1\WebApplication1.csproj", "{CA51E02B-F26E-400A-941C-F8969838AA7A}"
EndProject
Global
	GlobalSection(SolutionConfigurationPlatforms) = preSolution
		Debug|Any CPU = Debug|Any CPU
		Release|Any CPU = Release|Any CPU
	EndGlobalSection
	GlobalSection(ProjectConfigurationPlatforms) = postSolution
		{CA51E02B-F26E-400A-941C-F8969838AA7A}.Debug|Any CPU.ActiveCfg = Debug|Any CPU
		{CA51E02B-F26E-400A-941C-F8969838AA7A}.Debug|Any CPU.Build.0 = Debug|Any CPU
		{CA51E02B-F26E-400A-941C-F8969838AA7A}.Release|Any CPU.ActiveCfg = Release|Any CPU
		{CA51E02B-F26E-400A-941C-F8969838AA7A}.Release|Any CPU.Build.0 = Release|Any CPU
	EndGlobalSection
	GlobalSection(SolutionProperties) = preSolution
		HideSolutionNode = FALSE
	EndGlobalSection
	GlobalSection(ExtensibilityGlobals) = postSolution
		SolutionGuid = {36758062-7257-4A82-A495-8B794694D2BC}
	EndGlobalSection
EndGlobal
